// !$*UTF8*$!
{
	archiveVersion = 1;
	classes = {
	};
	objectVersion = 48;
	objects = {

/* Begin PBXBuildFile section */
		FA2F5ABD1FB276A0008D91C5 /* RatingControl.swift in Sources */ = {isa = PBXBuildFile; fileRef = FA2F5ABC1FB276A0008D91C5 /* RatingControl.swift */; };
		FA30EA201FB4BD5700EB2E96 /* Meal.swift in Sources */ = {isa = PBXBuildFile; fileRef = FA30EA1F1FB4BD5700EB2E96 /* Meal.swift */; };
		FA320A9E1FBBD6D5001969D3 /* LoginViewController.swift in Sources */ = {isa = PBXBuildFile; fileRef = FA320A9D1FBBD6D5001969D3 /* LoginViewController.swift */; };
		FA320AA01FBBD6EA001969D3 /* HomeViewController.swift in Sources */ = {isa = PBXBuildFile; fileRef = FA320A9F1FBBD6EA001969D3 /* HomeViewController.swift */; };
		FA6FE9B01FAF3D5A00A46C06 /* AppDelegate.swift in Sources */ = {isa = PBXBuildFile; fileRef = FA6FE9AF1FAF3D5A00A46C06 /* AppDelegate.swift */; };
		FA6FE9B21FAF3D5A00A46C06 /* MealViewController.swift in Sources */ = {isa = PBXBuildFile; fileRef = FA6FE9B11FAF3D5A00A46C06 /* MealViewController.swift */; };
		FA6FE9B51FAF3D5A00A46C06 /* Main.storyboard in Resources */ = {isa = PBXBuildFile; fileRef = FA6FE9B31FAF3D5A00A46C06 /* Main.storyboard */; };
		FA6FE9B71FAF3D5A00A46C06 /* Assets.xcassets in Resources */ = {isa = PBXBuildFile; fileRef = FA6FE9B61FAF3D5A00A46C06 /* Assets.xcassets */; };
		FA6FE9BA1FAF3D5A00A46C06 /* LaunchScreen.storyboard in Resources */ = {isa = PBXBuildFile; fileRef = FA6FE9B81FAF3D5A00A46C06 /* LaunchScreen.storyboard */; };
		FA6FE9C51FAF3D5A00A46C06 /* RecipesTests.swift in Sources */ = {isa = PBXBuildFile; fileRef = FA6FE9C41FAF3D5A00A46C06 /* RecipesTests.swift */; };
		FABA938B1FB7089E00994546 /* MealTableViewCell.swift in Sources */ = {isa = PBXBuildFile; fileRef = FABA938A1FB7089D00994546 /* MealTableViewCell.swift */; };
		FABA938D1FB7B55900994546 /* MealTableViewController.swift in Sources */ = {isa = PBXBuildFile; fileRef = FABA938C1FB7B55900994546 /* MealTableViewController.swift */; };
/* End PBXBuildFile section */

/* Begin PBXContainerItemProxy section */
		FA6FE9C11FAF3D5A00A46C06 /* PBXContainerItemProxy */ = {
			isa = PBXContainerItemProxy;
			containerPortal = FA6FE9A41FAF3D5A00A46C06 /* Project object */;
			proxyType = 1;
			remoteGlobalIDString = FA6FE9AB1FAF3D5A00A46C06;
			remoteInfo = Recipes;
		};
/* End PBXContainerItemProxy section */

/* Begin PBXFileReference section */
		FA2F5ABC1FB276A0008D91C5 /* RatingControl.swift */ = {isa = PBXFileReference; lastKnownFileType = sourcecode.swift; path = RatingControl.swift; sourceTree = "<group>"; };
		FA30EA1F1FB4BD5700EB2E96 /* Meal.swift */ = {isa = PBXFileReference; lastKnownFileType = sourcecode.swift; path = Meal.swift; sourceTree = "<group>"; };
		FA320A9D1FBBD6D5001969D3 /* LoginViewController.swift */ = {isa = PBXFileReference; lastKnownFileType = sourcecode.swift; path = LoginViewController.swift; sourceTree = "<group>"; };
		FA320A9F1FBBD6EA001969D3 /* HomeViewController.swift */ = {isa = PBXFileReference; lastKnownFileType = sourcecode.swift; path = HomeViewController.swift; sourceTree = "<group>"; };
		FA6FE9AC1FAF3D5A00A46C06 /* Recipes.app */ = {isa = PBXFileReference; explicitFileType = wrapper.application; includeInIndex = 0; path = Recipes.app; sourceTree = BUILT_PRODUCTS_DIR; };
		FA6FE9AF1FAF3D5A00A46C06 /* AppDelegate.swift */ = {isa = PBXFileReference; lastKnownFileType = sourcecode.swift; path = AppDelegate.swift; sourceTree = "<group>"; };
		FA6FE9B11FAF3D5A00A46C06 /* MealViewController.swift */ = {isa = PBXFileReference; lastKnownFileType = sourcecode.swift; path = MealViewController.swift; sourceTree = "<group>"; };
		FA6FE9B41FAF3D5A00A46C06 /* Base */ = {isa = PBXFileReference; lastKnownFileType = file.storyboard; name = Base; path = Base.lproj/Main.storyboard; sourceTree = "<group>"; };
		FA6FE9B61FAF3D5A00A46C06 /* Assets.xcassets */ = {isa = PBXFileReference; lastKnownFileType = folder.assetcatalog; path = Assets.xcassets; sourceTree = "<group>"; };
		FA6FE9B91FAF3D5A00A46C06 /* Base */ = {isa = PBXFileReference; lastKnownFileType = file.storyboard; name = Base; path = Base.lproj/LaunchScreen.storyboard; sourceTree = "<group>"; };
		FA6FE9BB1FAF3D5A00A46C06 /* Info.plist */ = {isa = PBXFileReference; lastKnownFileType = text.plist.xml; path = Info.plist; sourceTree = "<group>"; };
		FA6FE9C01FAF3D5A00A46C06 /* RecipesTests.xctest */ = {isa = PBXFileReference; explicitFileType = wrapper.cfbundle; includeInIndex = 0; path = RecipesTests.xctest; sourceTree = BUILT_PRODUCTS_DIR; };
		FA6FE9C41FAF3D5A00A46C06 /* RecipesTests.swift */ = {isa = PBXFileReference; lastKnownFileType = sourcecode.swift; path = RecipesTests.swift; sourceTree = "<group>"; };
		FA6FE9C61FAF3D5A00A46C06 /* Info.plist */ = {isa = PBXFileReference; lastKnownFileType = text.plist.xml; path = Info.plist; sourceTree = "<group>"; };
		FABA938A1FB7089D00994546 /* MealTableViewCell.swift */ = {isa = PBXFileReference; lastKnownFileType = sourcecode.swift; path = MealTableViewCell.swift; sourceTree = "<group>"; };
		FABA938C1FB7B55900994546 /* MealTableViewController.swift */ = {isa = PBXFileReference; lastKnownFileType = sourcecode.swift; path = MealTableViewController.swift; sourceTree = "<group>"; };
/* End PBXFileReference section */

/* Begin PBXFrameworksBuildPhase section */
		FA6FE9A91FAF3D5A00A46C06 /* Frameworks */ = {
			isa = PBXFrameworksBuildPhase;
			buildActionMask = 2147483647;
			files = (
			);
			runOnlyForDeploymentPostprocessing = 0;
		};
		FA6FE9BD1FAF3D5A00A46C06 /* Frameworks */ = {
			isa = PBXFrameworksBuildPhase;
			buildActionMask = 2147483647;
			files = (
			);
			runOnlyForDeploymentPostprocessing = 0;
		};
/* End PBXFrameworksBuildPhase section */

/* Begin PBXGroup section */
		FA6FE9A31FAF3D5A00A46C06 = {
			isa = PBXGroup;
			children = (
				FA6FE9AE1FAF3D5A00A46C06 /* Recipes */,
				FA6FE9C31FAF3D5A00A46C06 /* RecipesTests */,
				FA6FE9AD1FAF3D5A00A46C06 /* Products */,
			);
			sourceTree = "<group>";
		};
		FA6FE9AD1FAF3D5A00A46C06 /* Products */ = {
			isa = PBXGroup;
			children = (
				FA6FE9AC1FAF3D5A00A46C06 /* Recipes.app */,
				FA6FE9C01FAF3D5A00A46C06 /* RecipesTests.xctest */,
			);
			name = Products;
			sourceTree = "<group>";
		};
		FA6FE9AE1FAF3D5A00A46C06 /* Recipes */ = {
			isa = PBXGroup;
			children = (
				FA320A9D1FBBD6D5001969D3 /* LoginViewController.swift */,
				FA320A9F1FBBD6EA001969D3 /* HomeViewController.swift */,
				FA6FE9AF1FAF3D5A00A46C06 /* AppDelegate.swift */,
				FA6FE9B11FAF3D5A00A46C06 /* MealViewController.swift */,
				FA6FE9B31FAF3D5A00A46C06 /* Main.storyboard */,
				FABA938A1FB7089D00994546 /* MealTableViewCell.swift */,
				FABA938C1FB7B55900994546 /* MealTableViewController.swift */,
				FA30EA1F1FB4BD5700EB2E96 /* Meal.swift */,
				FA2F5ABC1FB276A0008D91C5 /* RatingControl.swift */,
				FA6FE9B61FAF3D5A00A46C06 /* Assets.xcassets */,
				FA6FE9B81FAF3D5A00A46C06 /* LaunchScreen.storyboard */,
				FA6FE9BB1FAF3D5A00A46C06 /* Info.plist */,
			);
			path = Recipes;
			sourceTree = "<group>";
		};
		FA6FE9C31FAF3D5A00A46C06 /* RecipesTests */ = {
			isa = PBXGroup;
			children = (
				FA6FE9C41FAF3D5A00A46C06 /* RecipesTests.swift */,
				FA6FE9C61FAF3D5A00A46C06 /* Info.plist */,
			);
			path = RecipesTests;
			sourceTree = "<group>";
		};
/* End PBXGroup section */

/* Begin PBXNativeTarget section */
		FA6FE9AB1FAF3D5A00A46C06 /* Recipes */ = {
			isa = PBXNativeTarget;
			buildConfigurationList = FA6FE9C91FAF3D5B00A46C06 /* Build configuration list for PBXNativeTarget "Recipes" */;
			buildPhases = (
				FA6FE9A81FAF3D5A00A46C06 /* Sources */,
				FA6FE9A91FAF3D5A00A46C06 /* Frameworks */,
				FA6FE9AA1FAF3D5A00A46C06 /* Resources */,
			);
			buildRules = (
			);
			dependencies = (
			);
			name = Recipes;
			productName = Recipes;
			productReference = FA6FE9AC1FAF3D5A00A46C06 /* Recipes.app */;
			productType = "com.apple.product-type.application";
		};
		FA6FE9BF1FAF3D5A00A46C06 /* RecipesTests */ = {
			isa = PBXNativeTarget;
			buildConfigurationList = FA6FE9CC1FAF3D5B00A46C06 /* Build configuration list for PBXNativeTarget "RecipesTests" */;
			buildPhases = (
				FA6FE9BC1FAF3D5A00A46C06 /* Sources */,
				FA6FE9BD1FAF3D5A00A46C06 /* Frameworks */,
				FA6FE9BE1FAF3D5A00A46C06 /* Resources */,
			);
			buildRules = (
			);
			dependencies = (
				FA6FE9C21FAF3D5A00A46C06 /* PBXTargetDependency */,
			);
			name = RecipesTests;
			productName = RecipesTests;
			productReference = FA6FE9C01FAF3D5A00A46C06 /* RecipesTests.xctest */;
			productType = "com.apple.product-type.bundle.unit-test";
		};
/* End PBXNativeTarget section */

/* Begin PBXProject section */
		FA6FE9A41FAF3D5A00A46C06 /* Project object */ = {
			isa = PBXProject;
			attributes = {
				LastSwiftUpdateCheck = 0900;
				LastUpgradeCheck = 0900;
				ORGANIZATIONNAME = Alex;
				TargetAttributes = {
					FA6FE9AB1FAF3D5A00A46C06 = {
						CreatedOnToolsVersion = 9.0.1;
						ProvisioningStyle = Automatic;
					};
					FA6FE9BF1FAF3D5A00A46C06 = {
						CreatedOnToolsVersion = 9.0.1;
						ProvisioningStyle = Automatic;
						TestTargetID = FA6FE9AB1FAF3D5A00A46C06;
					};
				};
			};
			buildConfigurationList = FA6FE9A71FAF3D5A00A46C06 /* Build configuration list for PBXProject "Recipes" */;
			compatibilityVersion = "Xcode 8.0";
			developmentRegion = en;
			hasScannedForEncodings = 0;
			knownRegions = (
				en,
				Base,
			);
			mainGroup = FA6FE9A31FAF3D5A00A46C06;
			productRefGroup = FA6FE9AD1FAF3D5A00A46C06 /* Products */;
			projectDirPath = "";
			projectRoot = "";
			targets = (
				FA6FE9AB1FAF3D5A00A46C06 /* Recipes */,
				FA6FE9BF1FAF3D5A00A46C06 /* RecipesTests */,
			);
		};
/* End PBXProject section */

/* Begin PBXResourcesBuildPhase section */
		FA6FE9AA1FAF3D5A00A46C06 /* Resources */ = {
			isa = PBXResourcesBuildPhase;
			buildActionMask = 2147483647;
			files = (
				FA6FE9BA1FAF3D5A00A46C06 /* LaunchScreen.storyboard in Resources */,
				FA6FE9B71FAF3D5A00A46C06 /* Assets.xcassets in Resources */,
				FA6FE9B51FAF3D5A00A46C06 /* Main.storyboard in Resources */,
			);
			runOnlyForDeploymentPostprocessing = 0;
		};
		FA6FE9BE1FAF3D5A00A46C06 /* Resources */ = {
			isa = PBXResourcesBuildPhase;
			buildActionMask = 2147483647;
			files = (
			);
			runOnlyForDeploymentPostprocessing = 0;
		};
/* End PBXResourcesBuildPhase section */

/* Begin PBXSourcesBuildPhase section */
		FA6FE9A81FAF3D5A00A46C06 /* Sources */ = {
			isa = PBXSourcesBuildPhase;
			buildActionMask = 2147483647;
			files = (
				FA320A9E1FBBD6D5001969D3 /* LoginViewController.swift in Sources */,
				FA30EA201FB4BD5700EB2E96 /* Meal.swift in Sources */,
				FABA938D1FB7B55900994546 /* MealTableViewController.swift in Sources */,
				FA320AA01FBBD6EA001969D3 /* HomeViewController.swift in Sources */,
				FA6FE9B21FAF3D5A00A46C06 /* MealViewController.swift in Sources */,
				FA2F5ABD1FB276A0008D91C5 /* RatingControl.swift in Sources */,
				FA6FE9B01FAF3D5A00A46C06 /* AppDelegate.swift in Sources */,
				FABA938B1FB7089E00994546 /* MealTableViewCell.swift in Sources */,
			);
			runOnlyForDeploymentPostprocessing = 0;
		};
		FA6FE9BC1FAF3D5A00A46C06 /* Sources */ = {
			isa = PBXSourcesBuildPhase;
			buildActionMask = 2147483647;
			files = (
				FA6FE9C51FAF3D5A00A46C06 /* RecipesTests.swift in Sources */,
			);
			runOnlyForDeploymentPostprocessing = 0;
		};
/* End PBXSourcesBuildPhase section */

/* Begin PBXTargetDependency section */
		FA6FE9C21FAF3D5A00A46C06 /* PBXTargetDependency */ = {
			isa = PBXTargetDependency;
			target = FA6FE9AB1FAF3D5A00A46C06 /* Recipes */;
			targetProxy = FA6FE9C11FAF3D5A00A46C06 /* PBXContainerItemProxy */;
		};
/* End PBXTargetDependency section */

/* Begin PBXVariantGroup section */
		FA6FE9B31FAF3D5A00A46C06 /* Main.storyboard */ = {
			isa = PBXVariantGroup;
			children = (
				FA6FE9B41FAF3D5A00A46C06 /* Base */,
			);
			name = Main.storyboard;
			sourceTree = "<group>";
		};
		FA6FE9B81FAF3D5A00A46C06 /* LaunchScreen.storyboard */ = {
			isa = PBXVariantGroup;
			children = (
				FA6FE9B91FAF3D5A00A46C06 /* Base */,
			);
			name = LaunchScreen.storyboard;
			sourceTree = "<group>";
		};
/* End PBXVariantGroup section */

/* Begin XCBuildConfiguration section */
		FA6FE9C71FAF3D5B00A46C06 /* Debug */ = {
			isa = XCBuildConfiguration;
			buildSettings = {
				ALWAYS_SEARCH_USER_PATHS = NO;
				CLANG_ANALYZER_NONNULL = YES;
				CLANG_ANALYZER_NUMBER_OBJECT_CONVERSION = YES_AGGRESSIVE;
				CLANG_CXX_LANGUAGE_STANDARD = "gnu++14";
				CLANG_CXX_LIBRARY = "libc++";
				CLANG_ENABLE_MODULES = YES;
				CLANG_ENABLE_OBJC_ARC = YES;
				CLANG_WARN_BLOCK_CAPTURE_AUTORELEASING = YES;
				CLANG_WARN_BOOL_CONVERSION = YES;
				CLANG_WARN_COMMA = YES;
				CLANG_WARN_CONSTANT_CONVERSION = YES;
				CLANG_WARN_DIRECT_OBJC_ISA_USAGE = YES_ERROR;
				CLANG_WARN_DOCUMENTATION_COMMENTS = YES;
				CLANG_WARN_EMPTY_BODY = YES;
				CLANG_WARN_ENUM_CONVERSION = YES;
				CLANG_WARN_INFINITE_RECURSION = YES;
				CLANG_WARN_INT_CONVERSION = YES;
				CLANG_WARN_NON_LITERAL_NULL_CONVERSION = YES;
				CLANG_WARN_OBJC_LITERAL_CONVERSION = YES;
				CLANG_WARN_OBJC_ROOT_CLASS = YES_ERROR;
				CLANG_WARN_RANGE_LOOP_ANALYSIS = YES;
				CLANG_WARN_STRICT_PROTOTYPES = YES;
				CLANG_WARN_SUSPICIOUS_MOVE = YES;
				CLANG_WARN_UNGUARDED_AVAILABILITY = YES_AGGRESSIVE;
				CLANG_WARN_UNREACHABLE_CODE = YES;
				CLANG_WARN__DUPLICATE_METHOD_MATCH = YES;
				CODE_SIGN_IDENTITY = "iPhone Developer";
				COPY_PHASE_STRIP = NO;
				DEBUG_INFORMATION_FORMAT = dwarf;
				ENABLE_STRICT_OBJC_MSGSEND = YES;
				ENABLE_TESTABILITY = YES;
				GCC_C_LANGUAGE_STANDARD = gnu11;
				GCC_DYNAMIC_NO_PIC = NO;
				GCC_NO_COMMON_BLOCKS = YES;
				GCC_OPTIMIZATION_LEVEL = 0;
				GCC_PREPROCESSOR_DEFINITIONS = (
					"DEBUG=1",
					"$(inherited)",
				);
				GCC_WARN_64_TO_32_BIT_CONVERSION = YES;
				GCC_WARN_ABOUT_RETURN_TYPE = YES_ERROR;
				GCC_WARN_UNDECLARED_SELECTOR = YES;
				GCC_WARN_UNINITIALIZED_AUTOS = YES_AGGRESSIVE;
				GCC_WARN_UNUSED_FUNCTION = YES;
				GCC_WARN_UNUSED_VARIABLE = YES;
				IPHONEOS_DEPLOYMENT_TARGET = 11.0;
				MTL_ENABLE_DEBUG_INFO = YES;
				ONLY_ACTIVE_ARCH = YES;
				SDKROOT = iphoneos;
				SWIFT_ACTIVE_COMPILATION_CONDITIONS = DEBUG;
				SWIFT_OPTIMIZATION_LEVEL = "-Onone";
			};
			name = Debug;
		};
		FA6FE9C81FAF3D5B00A46C06 /* Release */ = {
			isa = XCBuildConfiguration;
			buildSettings = {
				ALWAYS_SEARCH_USER_PATHS = NO;
				CLANG_ANALYZER_NONNULL = YES;
				CLANG_ANALYZER_NUMBER_OBJECT_CONVERSION = YES_AGGRESSIVE;
				CLANG_CXX_LANGUAGE_STANDARD = "gnu++14";
				CLANG_CXX_LIBRARY = "libc++";
				CLANG_ENABLE_MODULES = YES;
				CLANG_ENABLE_OBJC_ARC = YES;
				CLANG_WARN_BLOCK_CAPTURE_AUTORELEASING = YES;
				CLANG_WARN_BOOL_CONVERSION = YES;
				CLANG_WARN_COMMA = YES;
				CLANG_WARN_CONSTANT_CONVERSION = YES;
				CLANG_WARN_DIRECT_OBJC_ISA_USAGE = YES_ERROR;
				CLANG_WARN_DOCUMENTATION_COMMENTS = YES;
				CLANG_WARN_EMPTY_BODY = YES;
				CLANG_WARN_ENUM_CONVERSION = YES;
				CLANG_WARN_INFINITE_RECURSION = YES;
				CLANG_WARN_INT_CONVERSION = YES;
				CLANG_WARN_NON_LITERAL_NULL_CONVERSION = YES;
				CLANG_WARN_OBJC_LITERAL_CONVERSION = YES;
				CLANG_WARN_OBJC_ROOT_CLASS = YES_ERROR;
				CLANG_WARN_RANGE_LOOP_ANALYSIS = YES;
				CLANG_WARN_STRICT_PROTOTYPES = YES;
				CLANG_WARN_SUSPICIOUS_MOVE = YES;
				CLANG_WARN_UNGUARDED_AVAILABILITY = YES_AGGRESSIVE;
				CLANG_WARN_UNREACHABLE_CODE = YES;
				CLANG_WARN__DUPLICATE_METHOD_MATCH = YES;
				CODE_SIGN_IDENTITY = "iPhone Developer";
				COPY_PHASE_STRIP = NO;
				DEBUG_INFORMATION_FORMAT = "dwarf-with-dsym";
				ENABLE_NS_ASSERTIONS = NO;
				ENABLE_STRICT_OBJC_MSGSEND = YES;
				GCC_C_LANGUAGE_STANDARD = gnu11;
				GCC_NO_COMMON_BLOCKS = YES;
				GCC_WARN_64_TO_32_BIT_CONVERSION = YES;
				GCC_WARN_ABOUT_RETURN_TYPE = YES_ERROR;
				GCC_WARN_UNDECLARED_SELECTOR = YES;
				GCC_WARN_UNINITIALIZED_AUTOS = YES_AGGRESSIVE;
				GCC_WARN_UNUSED_FUNCTION = YES;
				GCC_WARN_UNUSED_VARIABLE = YES;
				IPHONEOS_DEPLOYMENT_TARGET = 11.0;
				MTL_ENABLE_DEBUG_INFO = NO;
				SDKROOT = iphoneos;
				SWIFT_OPTIMIZATION_LEVEL = "-Owholemodule";
				VALIDATE_PRODUCT = YES;
			};
			name = Release;
		};
		FA6FE9CA1FAF3D5B00A46C06 /* Debug */ = {
			isa = XCBuildConfiguration;
			buildSettings = {
				ASSETCATALOG_COMPILER_APPICON_NAME = AppIcon;
				"CODE_SIGN_IDENTITY[sdk=iphoneos*]" = "iPhone Developer";
				CODE_SIGN_STYLE = Automatic;
				DEVELOPMENT_TEAM = 49R8K67TLW;
				INFOPLIST_FILE = Recipes/Info.plist;
				IPHONEOS_DEPLOYMENT_TARGET = 9.1;
				LD_RUNPATH_SEARCH_PATHS = "$(inherited) @executable_path/Frameworks";
				PRODUCT_BUNDLE_IDENTIFIER = ru.reciping.Recipes;
				PRODUCT_NAME = "$(TARGET_NAME)";
				PROVISIONING_PROFILE_SPECIFIER = "";
				SWIFT_VERSION = 4.0;
				TARGETED_DEVICE_FAMILY = "1,2";
			};
			name = Debug;
		};
		FA6FE9CB1FAF3D5B00A46C06 /* Release */ = {
			isa = XCBuildConfiguration;
			buildSettings = {
				ASSETCATALOG_COMPILER_APPICON_NAME = AppIcon;
				"CODE_SIGN_IDENTITY[sdk=iphoneos*]" = "iPhone Developer";
				CODE_SIGN_STYLE = Automatic;
				DEVELOPMENT_TEAM = 49R8K67TLW;
				INFOPLIST_FILE = Recipes/Info.plist;
				IPHONEOS_DEPLOYMENT_TARGET = 9.1;
				LD_RUNPATH_SEARCH_PATHS = "$(inherited) @executable_path/Frameworks";
				PRODUCT_BUNDLE_IDENTIFIER = ru.reciping.Recipes;
				PRODUCT_NAME = "$(TARGET_NAME)";
				PROVISIONING_PROFILE_SPECIFIER = "";
				SWIFT_VERSION = 4.0;
				TARGETED_DEVICE_FAMILY = "1,2";
			};
			name = Release;
		};
		FA6FE9CD1FAF3D5B00A46C06 /* Debug */ = {
			isa = XCBuildConfiguration;
			buildSettings = {
				ALWAYS_EMBED_SWIFT_STANDARD_LIBRARIES = YES;
				BUNDLE_LOADER = "$(TEST_HOST)";
				CODE_SIGN_STYLE = Automatic;
				INFOPLIST_FILE = RecipesTests/Info.plist;
				LD_RUNPATH_SEARCH_PATHS = "$(inherited) @executable_path/Frameworks @loader_path/Frameworks";
				PRODUCT_BUNDLE_IDENTIFIER = ru.reciping.RecipesTests;
				PRODUCT_NAME = "$(TARGET_NAME)";
				SWIFT_VERSION = 4.0;
				TARGETED_DEVICE_FAMILY = "1,2";
				TEST_HOST = "$(BUILT_PRODUCTS_DIR)/Recipes.app/Recipes";
			};
			name = Debug;
		};
		FA6FE9CE1FAF3D5B00A46C06 /* Release */ = {
			isa = XCBuildConfiguration;
			buildSettings = {
				ALWAYS_EMBED_SWIFT_STANDARD_LIBRARIES = YES;
				BUNDLE_LOADER = "$(TEST_HOST)";
				CODE_SIGN_STYLE = Automatic;
				INFOPLIST_FILE = RecipesTests/Info.plist;
				LD_RUNPATH_SEARCH_PATHS = "$(inherited) @executable_path/Frameworks @loader_path/Frameworks";
				PRODUCT_BUNDLE_IDENTIFIER = ru.reciping.RecipesTests;
				PRODUCT_NAME = "$(TARGET_NAME)";
				SWIFT_VERSION = 4.0;
				TARGETED_DEVICE_FAMILY = "1,2";
				TEST_HOST = "$(BUILT_PRODUCTS_DIR)/Recipes.app/Recipes";
			};
			name = Release;
		};
/* End XCBuildConfiguration section */

/* Begin XCConfigurationList section */
		FA6FE9A71FAF3D5A00A46C06 /* Build configuration list for PBXProject "Recipes" */ = {
			isa = XCConfigurationList;
			buildConfigurations = (
				FA6FE9C71FAF3D5B00A46C06 /* Debug */,
				FA6FE9C81FAF3D5B00A46C06 /* Release */,
			);
			defaultConfigurationIsVisible = 0;
			defaultConfigurationName = Release;
		};
		FA6FE9C91FAF3D5B00A46C06 /* Build configuration list for PBXNativeTarget "Recipes" */ = {
			isa = XCConfigurationList;
			buildConfigurations = (
				FA6FE9CA1FAF3D5B00A46C06 /* Debug */,
				FA6FE9CB1FAF3D5B00A46C06 /* Release */,
			);
			defaultConfigurationIsVisible = 0;
			defaultConfigurationName = Release;
		};
		FA6FE9CC1FAF3D5B00A46C06 /* Build configuration list for PBXNativeTarget "RecipesTests" */ = {
			isa = XCConfigurationList;
			buildConfigurations = (
				FA6FE9CD1FAF3D5B00A46C06 /* Debug */,
				FA6FE9CE1FAF3D5B00A46C06 /* Release */,
			);
			defaultConfigurationIsVisible = 0;
			defaultConfigurationName = Release;
		};
/* End XCConfigurationList section */
	};
	rootObject = FA6FE9A41FAF3D5A00A46C06 /* Project object */;
}
